
Microsoft Visual Studio Solution File, Format Version 12.00
# Visual Studio Version 17
VisualStudioVersion = 17.2.32505.173
MinimumVisualStudioVersion = 10.0.40219.1
Project("{FAE04EC0-301F-11D3-BF4B-00C04F79EFBC}") = "Tic Tac Toe", "Tic Tac Toe\Tic Tac Toe.csproj", "{F6563D1F-E807-49AD-9A0A-AE1069EF2832}"
EndProject
Global
	GlobalSection(SolutionConfigurationPlatforms) = preSolution
		Debug|Any CPU = Debug|Any CPU
		Release|Any CPU = Release|Any CPU
	EndGlobalSection
	GlobalSection(ProjectConfigurationPlatforms) = postSolution
		{F6563D1F-E807-49AD-9A0A-AE1069EF2832}.Debug|Any CPU.ActiveCfg = Debug|Any CPU
		{F6563D1F-E807-49AD-9A0A-AE1069EF2832}.Debug|Any CPU.Build.0 = Debug|Any CPU
		{F6563D1F-E807-49AD-9A0A-AE1069EF2832}.Release|Any CPU.ActiveCfg = Release|Any CPU
		{F6563D1F-E807-49AD-9A0A-AE1069EF2832}.Release|Any CPU.Build.0 = Release|Any CPU
	EndGlobalSection
	GlobalSection(SolutionProperties) = preSolution
		HideSolutionNode = FALSE
	EndGlobalSection
	GlobalSection(ExtensibilityGlobals) = postSolution
		SolutionGuid = {C36BAA4F-4B39-4577-AA3D-0C4BA8AE9C1B}
	EndGlobalSection
EndGlobal
